Microsoft Visual Studio Solution File, Format Version 12.00
# Visual Studio Version 17
VisualStudioVersion = 17.5.2.0
MinimumVisualStudioVersion = 10.0.40219.1
Project("{FAE04EC0-301F-11D3-BF4B-00C04F79EFBC}") = "DataPlatform.API", "DataPlatform.API\DataPlatform.API.csproj", "{136D1908-612F-B708-C940-5423F8A1EEF3}"
EndProject
Project("{FAE04EC0-301F-11D3-BF4B-00C04F79EFBC}") = "DataPlatform.Application", "DataPlatform.Application\DataPlatform.Application.csproj", "{EA179735-DDE3-599D-36A1-3AF0AD209AE3}"
EndProject
Project("{FAE04EC0-301F-11D3-BF4B-00C04F79EFBC}") = "DataPlatform.Infrastructure", "DataPlatform.Infrastructure\DataPlatform.Infrastructure.csproj", "{3400A5BC-B9F2-2019-5FB3-30C963765B73}"
EndProject
Project("{FAE04EC0-301F-11D3-BF4B-00C04F79EFBC}") = "DataPlatform.Shared", "DataPlatform.Shared\DataPlatform.Shared.csproj", "{61897DEE-A010-0833-2EDE-3A92056F059A}"
EndProject
Global
	GlobalSection(SolutionConfigurationPlatforms) = preSolution
		Debug|Any CPU = Debug|Any CPU
		Release|Any CPU = Release|Any CPU
	EndGlobalSection
	GlobalSection(ProjectConfigurationPlatforms) = postSolution
		{136D1908-612F-B708-C940-5423F8A1EEF3}.Debug|Any CPU.ActiveCfg = Debug|Any CPU
		{136D1908-612F-B708-C940-5423F8A1EEF3}.Debug|Any CPU.Build.0 = Debug|Any CPU
		{136D1908-612F-B708-C940-5423F8A1EEF3}.Release|Any CPU.ActiveCfg = Release|Any CPU
		{136D1908-612F-B708-C940-5423F8A1EEF3}.Release|Any CPU.Build.0 = Release|Any CPU
		{EA179735-DDE3-599D-36A1-3AF0AD209AE3}.Debug|Any CPU.ActiveCfg = Debug|Any CPU
		{EA179735-DDE3-599D-36A1-3AF0AD209AE3}.Debug|Any CPU.Build.0 = Debug|Any CPU
		{EA179735-DDE3-599D-36A1-3AF0AD209AE3}.Release|Any CPU.ActiveCfg = Release|Any CPU
		{EA179735-DDE3-599D-36A1-3AF0AD209AE3}.Release|Any CPU.Build.0 = Release|Any CPU
		{3400A5BC-B9F2-2019-5FB3-30C963765B73}.Debug|Any CPU.ActiveCfg = Debug|Any CPU
		{3400A5BC-B9F2-2019-5FB3-30C963765B73}.Debug|Any CPU.Build.0 = Debug|Any CPU
		{3400A5BC-B9F2-2019-5FB3-30C963765B73}.Release|Any CPU.ActiveCfg = Release|Any CPU
		{3400A5BC-B9F2-2019-5FB3-30C963765B73}.Release|Any CPU.Build.0 = Release|Any CPU
		{61897DEE-A010-0833-2EDE-3A92056F059A}.Debug|Any CPU.ActiveCfg = Debug|Any CPU
		{61897DEE-A010-0833-2EDE-3A92056F059A}.Debug|Any CPU.Build.0 = Debug|Any CPU
		{61897DEE-A010-0833-2EDE-3A92056F059A}.Release|Any CPU.ActiveCfg = Release|Any CPU
		{61897DEE-A010-0833-2EDE-3A92056F059A}.Release|Any CPU.Build.0 = Release|Any CPU
	EndGlobalSection
	GlobalSection(SolutionProperties) = preSolution
		HideSolutionNode = FALSE
	EndGlobalSection
	GlobalSection(ExtensibilityGlobals) = postSolution
		SolutionGuid = {7B53868F-FF0F-4CB0-AC3D-AB00A67982E4}
	EndGlobalSection
EndGlobal
